
Microsoft Visual Studio Solution File, Format Version 12.00
# Visual Studio Version 17
VisualStudioVersion = 17.10.35027.167
MinimumVisualStudioVersion = 10.0.40219.1
Project("{FAE04EC0-301F-11D3-BF4B-00C04F79EFBC}") = "Mapster", "Mapster.csproj", "{FF8733AF-BF48-4814-AA89-F3DD43CD2024}"
EndProject
Global
	GlobalSection(SolutionConfigurationPlatforms) = preSolution
		Debug|Any CPU = Debug|Any CPU
		Release|Any CPU = Release|Any CPU
	EndGlobalSection
	GlobalSection(ProjectConfigurationPlatforms) = postSolution
		{FF8733AF-BF48-4814-AA89-F3DD43CD2024}.Debug|Any CPU.ActiveCfg = Debug|Any CPU
		{FF8733AF-BF48-4814-AA89-F3DD43CD2024}.Debug|Any CPU.Build.0 = Debug|Any CPU
		{FF8733AF-BF48-4814-AA89-F3DD43CD2024}.Release|Any CPU.ActiveCfg = Release|Any CPU
		{FF8733AF-BF48-4814-AA89-F3DD43CD2024}.Release|Any CPU.Build.0 = Release|Any CPU
	EndGlobalSection
	GlobalSection(SolutionProperties) = preSolution
		HideSolutionNode = FALSE
	EndGlobalSection
	GlobalSection(ExtensibilityGlobals) = postSolution
		SolutionGuid = {BC8CBF6F-0D10-4716-BF63-08DCA2E69303}
	EndGlobalSection
EndGlobal
